// !$*UTF8*$!
{
	archiveVersion = 1;
	classes = {
	};
	objectVersion = 48;
	objects = {

/* Begin PBXBuildFile section */
		88D0F71DDBE388D3690FD375 /* Pods_ToDewie.framework in Frameworks */ = {isa = PBXBuildFile; fileRef = 1A04716B99FAC7AA7A5B0021 /* Pods_ToDewie.framework */; };
		8E85DBB4EBB6DECD76B6E6BC /* Pods_ToDewieTests.framework in Frameworks */ = {isa = PBXBuildFile; fileRef = ADF04D5354155F1719FA786B /* Pods_ToDewieTests.framework */; };
		AC018D592010191F0088D253 /* CategoryViewController.swift in Sources */ = {isa = PBXBuildFile; fileRef = AC018D582010191F0088D253 /* CategoryViewController.swift */; };
		ACACEA10201FAAC000923BCA /* Item.swift in Sources */ = {isa = PBXBuildFile; fileRef = ACACEA0F201FAAC000923BCA /* Item.swift */; };
		ACACEA12201FAACD00923BCA /* Category.swift in Sources */ = {isa = PBXBuildFile; fileRef = ACACEA11201FAACD00923BCA /* Category.swift */; };
		ACB460762009626D0095ED43 /* AppDelegate.swift in Sources */ = {isa = PBXBuildFile; fileRef = ACB460752009626D0095ED43 /* AppDelegate.swift */; };
		ACB460782009626E0095ED43 /* ToDoListViewController.swift in Sources */ = {isa = PBXBuildFile; fileRef = ACB460772009626E0095ED43 /* ToDoListViewController.swift */; };
		ACB4607B2009626E0095ED43 /* Main.storyboard in Resources */ = {isa = PBXBuildFile; fileRef = ACB460792009626E0095ED43 /* Main.storyboard */; };
		ACB4607D2009626E0095ED43 /* Assets.xcassets in Resources */ = {isa = PBXBuildFile; fileRef = ACB4607C2009626E0095ED43 /* Assets.xcassets */; };
		ACB460802009626E0095ED43 /* LaunchScreen.storyboard in Resources */ = {isa = PBXBuildFile; fileRef = ACB4607E2009626E0095ED43 /* LaunchScreen.storyboard */; };
		ACB4608B2009626E0095ED43 /* ToDewieTests.swift in Sources */ = {isa = PBXBuildFile; fileRef = ACB4608A2009626E0095ED43 /* ToDewieTests.swift */; };
		ACB460962009626E0095ED43 /* ToDewieUITests.swift in Sources */ = {isa = PBXBuildFile; fileRef = ACB460952009626E0095ED43 /* ToDewieUITests.swift */; };
		DC6586B2A22E901894B4156C /* Pods_ToDewieUITests.framework in Frameworks */ = {isa = PBXBuildFile; fileRef = 65D990D83CD103F34D1629A4 /* Pods_ToDewieUITests.framework */; };
/* End PBXBuildFile section */

/* Begin PBXContainerItemProxy section */
		ACB460872009626E0095ED43 /* PBXContainerItemProxy */ = {
			isa = PBXContainerItemProxy;
			containerPortal = ACB4606A2009626D0095ED43 /* Project object */;
			proxyType = 1;
			remoteGlobalIDString = ACB460712009626D0095ED43;
			remoteInfo = ToDewie;
		};
		ACB460922009626E0095ED43 /* PBXContainerItemProxy */ = {
			isa = PBXContainerItemProxy;
			containerPortal = ACB4606A2009626D0095ED43 /* Project object */;
			proxyType = 1;
			remoteGlobalIDString = ACB460712009626D0095ED43;
			remoteInfo = ToDewie;
		};
/* End PBXContainerItemProxy section */

/* Begin PBXFileReference section */
		1A04716B99FAC7AA7A5B0021 /* Pods_ToDewie.framework */ = {isa = PBXFileReference; explicitFileType = wrapper.framework; includeInIndex = 0; path = Pods_ToDewie.framework; sourceTree = BUILT_PRODUCTS_DIR; };
		1C716D2F862C8F5C8D45808F /* Pods-ToDewieTests.debug.xcconfig */ = {isa = PBXFileReference; includeInIndex = 1; lastKnownFileType = text.xcconfig; name = "Pods-ToDewieTests.debug.xcconfig"; path = "Pods/Target Support Files/Pods-ToDewieTests/Pods-ToDewieTests.debug.xcconfig"; sourceTree = "<group>"; };
		644DE7B00CF6DCCDF065B208 /* Pods-ToDewie.debug.xcconfig */ = {isa = PBXFileReference; includeInIndex = 1; lastKnownFileType = text.xcconfig; name = "Pods-ToDewie.debug.xcconfig"; path = "Pods/Target Support Files/Pods-ToDewie/Pods-ToDewie.debug.xcconfig"; sourceTree = "<group>"; };
		64E9FD69D4E56A9A40A16621 /* Pods-ToDewieTests.release.xcconfig */ = {isa = PBXFileReference; includeInIndex = 1; lastKnownFileType = text.xcconfig; name = "Pods-ToDewieTests.release.xcconfig"; path = "Pods/Target Support Files/Pods-ToDewieTests/Pods-ToDewieTests.release.xcconfig"; sourceTree = "<group>"; };
		65D990D83CD103F34D1629A4 /* Pods_ToDewieUITests.framework */ = {isa = PBXFileReference; explicitFileType = wrapper.framework; includeInIndex = 0; path = Pods_ToDewieUITests.framework; sourceTree = BUILT_PRODUCTS_DIR; };
		6E7BB01705B50535853886AE /* Pods-ToDewie.release.xcconfig */ = {isa = PBXFileReference; includeInIndex = 1; lastKnownFileType = text.xcconfig; name = "Pods-ToDewie.release.xcconfig"; path = "Pods/Target Support Files/Pods-ToDewie/Pods-ToDewie.release.xcconfig"; sourceTree = "<group>"; };
		93E7260B455E80127DAF1BC1 /* Pods-ToDewieUITests.release.xcconfig */ = {isa = PBXFileReference; includeInIndex = 1; lastKnownFileType = text.xcconfig; name = "Pods-ToDewieUITests.release.xcconfig"; path = "Pods/Target Support Files/Pods-ToDewieUITests/Pods-ToDewieUITests.release.xcconfig"; sourceTree = "<group>"; };
		9A769AAD6AF5546FC2052567 /* Pods-ToDewieUITests.debug.xcconfig */ = {isa = PBXFileReference; includeInIndex = 1; lastKnownFileType = text.xcconfig; name = "Pods-ToDewieUITests.debug.xcconfig"; path = "Pods/Target Support Files/Pods-ToDewieUITests/Pods-ToDewieUITests.debug.xcconfig"; sourceTree = "<group>"; };
		AC018D582010191F0088D253 /* CategoryViewController.swift */ = {isa = PBXFileReference; lastKnownFileType = sourcecode.swift; path = CategoryViewController.swift; sourceTree = "<group>"; };
		ACACEA0F201FAAC000923BCA /* Item.swift */ = {isa = PBXFileReference; lastKnownFileType = sourcecode.swift; path = Item.swift; sourceTree = "<group>"; };
		ACACEA11201FAACD00923BCA /* Category.swift */ = {isa = PBXFileReference; lastKnownFileType = sourcecode.swift; path = Category.swift; sourceTree = "<group>"; };
		ACB460722009626D0095ED43 /* ToDewie.app */ = {isa = PBXFileReference; explicitFileType = wrapper.application; includeInIndex = 0; path = ToDewie.app; sourceTree = BUILT_PRODUCTS_DIR; };
		ACB460752009626D0095ED43 /* AppDelegate.swift */ = {isa = PBXFileReference; lastKnownFileType = sourcecode.swift; path = AppDelegate.swift; sourceTree = "<group>"; };
		ACB460772009626E0095ED43 /* ToDoListViewController.swift */ = {isa = PBXFileReference; lastKnownFileType = sourcecode.swift; path = ToDoListViewController.swift; sourceTree = "<group>"; };
		ACB4607A2009626E0095ED43 /* Base */ = {isa = PBXFileReference; lastKnownFileType = file.storyboard; name = Base; path = Base.lproj/Main.storyboard; sourceTree = "<group>"; };
		ACB4607C2009626E0095ED43 /* Assets.xcassets */ = {isa = PBXFileReference; lastKnownFileType = folder.assetcatalog; path = Assets.xcassets; sourceTree = "<group>"; };
		ACB4607F2009626E0095ED43 /* Base */ = {isa = PBXFileReference; lastKnownFileType = file.storyboard; name = Base; path = Base.lproj/LaunchScreen.storyboard; sourceTree = "<group>"; };
		ACB460812009626E0095ED43 /* Info.plist */ = {isa = PBXFileReference; lastKnownFileType = text.plist.xml; path = Info.plist; sourceTree = "<group>"; };
		ACB460862009626E0095ED43 /* ToDewieTests.xctest */ = {isa = PBXFileReference; explicitFileType = wrapper.cfbundle; includeInIndex = 0; path = ToDewieTests.xctest; sourceTree = BUILT_PRODUCTS_DIR; };
		ACB4608A2009626E0095ED43 /* ToDewieTests.swift */ = {isa = PBXFileReference; lastKnownFileType = sourcecode.swift; path = ToDewieTests.swift; sourceTree = "<group>"; };
		ACB4608C2009626E0095ED43 /* Info.plist */ = {isa = PBXFileReference; lastKnownFileType = text.plist.xml; path = Info.plist; sourceTree = "<group>"; };
		ACB460912009626E0095ED43 /* ToDewieUITests.xctest */ = {isa = PBXFileReference; explicitFileType = wrapper.cfbundle; includeInIndex = 0; path = ToDewieUITests.xctest; sourceTree = BUILT_PRODUCTS_DIR; };
		ACB460952009626E0095ED43 /* ToDewieUITests.swift */ = {isa = PBXFileReference; lastKnownFileType = sourcecode.swift; path = ToDewieUITests.swift; sourceTree = "<group>"; };
		ACB460972009626E0095ED43 /* Info.plist */ = {isa = PBXFileReference; lastKnownFileType = text.plist.xml; path = Info.plist; sourceTree = "<group>"; };
		ADF04D5354155F1719FA786B /* Pods_ToDewieTests.framework */ = {isa = PBXFileReference; explicitFileType = wrapper.framework; includeInIndex = 0; path = Pods_ToDewieTests.framework; sourceTree = BUILT_PRODUCTS_DIR; };
/* End PBXFileReference section */

/* Begin PBXFrameworksBuildPhase section */
		ACB4606F2009626D0095ED43 /* Frameworks */ = {
			isa = PBXFrameworksBuildPhase;
			buildActionMask = 2147483647;
			files = (
				88D0F71DDBE388D3690FD375 /* Pods_ToDewie.framework in Frameworks */,
			);
			runOnlyForDeploymentPostprocessing = 0;
		};
		ACB460832009626E0095ED43 /* Frameworks */ = {
			isa = PBXFrameworksBuildPhase;
			buildActionMask = 2147483647;
			files = (
				8E85DBB4EBB6DECD76B6E6BC /* Pods_ToDewieTests.framework in Frameworks */,
			);
			runOnlyForDeploymentPostprocessing = 0;
		};
		ACB4608E2009626E0095ED43 /* Frameworks */ = {
			isa = PBXFrameworksBuildPhase;
			buildActionMask = 2147483647;
			files = (
				DC6586B2A22E901894B4156C /* Pods_ToDewieUITests.framework in Frameworks */,
			);
			runOnlyForDeploymentPostprocessing = 0;
		};
/* End PBXFrameworksBuildPhase section */

/* Begin PBXGroup section */
		9411DF5AE71E739A762CCC05 /* Pods */ = {
			isa = PBXGroup;
			children = (
				644DE7B00CF6DCCDF065B208 /* Pods-ToDewie.debug.xcconfig */,
				6E7BB01705B50535853886AE /* Pods-ToDewie.release.xcconfig */,
				1C716D2F862C8F5C8D45808F /* Pods-ToDewieTests.debug.xcconfig */,
				64E9FD69D4E56A9A40A16621 /* Pods-ToDewieTests.release.xcconfig */,
				9A769AAD6AF5546FC2052567 /* Pods-ToDewieUITests.debug.xcconfig */,
				93E7260B455E80127DAF1BC1 /* Pods-ToDewieUITests.release.xcconfig */,
			);
			name = Pods;
			sourceTree = "<group>";
		};
		AC018D30200C2D0A0088D253 /* DataModel */ = {
			isa = PBXGroup;
			children = (
				ACACEA11201FAACD00923BCA /* Category.swift */,
				ACACEA0F201FAAC000923BCA /* Item.swift */,
			);
			path = DataModel;
			sourceTree = "<group>";
		};
		AC018D31200C2D1F0088D253 /* Controllers */ = {
			isa = PBXGroup;
			children = (
				AC018D582010191F0088D253 /* CategoryViewController.swift */,
				ACB460772009626E0095ED43 /* ToDoListViewController.swift */,
			);
			path = Controllers;
			sourceTree = "<group>";
		};
		AC018D32200C2D280088D253 /* Views */ = {
			isa = PBXGroup;
			children = (
				ACB460792009626E0095ED43 /* Main.storyboard */,
			);
			path = Views;
			sourceTree = "<group>";
		};
		AC018D33200C2D530088D253 /* Supporting Files */ = {
			isa = PBXGroup;
			children = (
				ACB4607C2009626E0095ED43 /* Assets.xcassets */,
				ACB4607E2009626E0095ED43 /* LaunchScreen.storyboard */,
			);
			path = "Supporting Files";
			sourceTree = "<group>";
		};
		ACB460692009626D0095ED43 = {
			isa = PBXGroup;
			children = (
				ACB460742009626D0095ED43 /* ToDewie */,
				ACB460892009626E0095ED43 /* ToDewieTests */,
				ACB460942009626E0095ED43 /* ToDewieUITests */,
				ACB460732009626D0095ED43 /* Products */,
				9411DF5AE71E739A762CCC05 /* Pods */,
				D119389083234204771DF0DB /* Frameworks */,
			);
			sourceTree = "<group>";
		};
		ACB460732009626D0095ED43 /* Products */ = {
			isa = PBXGroup;
			children = (
				ACB460722009626D0095ED43 /* ToDewie.app */,
				ACB460862009626E0095ED43 /* ToDewieTests.xctest */,
				ACB460912009626E0095ED43 /* ToDewieUITests.xctest */,
			);
			name = Products;
			sourceTree = "<group>";
		};
		ACB460742009626D0095ED43 /* ToDewie */ = {
			isa = PBXGroup;
			children = (
				ACB460752009626D0095ED43 /* AppDelegate.swift */,
				AC018D31200C2D1F0088D253 /* Controllers */,
				AC018D30200C2D0A0088D253 /* DataModel */,
				AC018D32200C2D280088D253 /* Views */,
				AC018D33200C2D530088D253 /* Supporting Files */,
				ACB460812009626E0095ED43 /* Info.plist */,
			);
			path = ToDewie;
			sourceTree = "<group>";
		};
		ACB460892009626E0095ED43 /* ToDewieTests */ = {
			isa = PBXGroup;
			children = (
				ACB4608A2009626E0095ED43 /* ToDewieTests.swift */,
				ACB4608C2009626E0095ED43 /* Info.plist */,
			);
			path = ToDewieTests;
			sourceTree = "<group>";
		};
		ACB460942009626E0095ED43 /* ToDewieUITests */ = {
			isa = PBXGroup;
			children = (
				ACB460952009626E0095ED43 /* ToDewieUITests.swift */,
				ACB460972009626E0095ED43 /* Info.plist */,
			);
			path = ToDewieUITests;
			sourceTree = "<group>";
		};
		D119389083234204771DF0DB /* Frameworks */ = {
			isa = PBXGroup;
			children = (
				1A04716B99FAC7AA7A5B0021 /* Pods_ToDewie.framework */,
				ADF04D5354155F1719FA786B /* Pods_ToDewieTests.framework */,
				65D990D83CD103F34D1629A4 /* Pods_ToDewieUITests.framework */,
			);
			name = Frameworks;
			sourceTree = "<group>";
		};
/* End PBXGroup section */

/* Begin PBXNativeTarget section */
		ACB460712009626D0095ED43 /* ToDewie */ = {
			isa = PBXNativeTarget;
			buildConfigurationList = ACB4609A2009626E0095ED43 /* Build configuration list for PBXNativeTarget "ToDewie" */;
			buildPhases = (
				71A522919FA654DEB8D03AAB /* [CP] Check Pods Manifest.lock */,
				ACB4606E2009626D0095ED43 /* Sources */,
				ACB4606F2009626D0095ED43 /* Frameworks */,
				ACB460702009626D0095ED43 /* Resources */,
				C6E025B9B9C500F283D0493C /* [CP] Embed Pods Frameworks */,
				D6BC9EF2C97B98CC364E39FA /* [CP] Copy Pods Resources */,
			);
			buildRules = (
			);
			dependencies = (
			);
			name = ToDewie;
			productName = ToDewie;
			productReference = ACB460722009626D0095ED43 /* ToDewie.app */;
			productType = "com.apple.product-type.application";
		};
		ACB460852009626E0095ED43 /* ToDewieTests */ = {
			isa = PBXNativeTarget;
			buildConfigurationList = ACB4609D2009626E0095ED43 /* Build configuration list for PBXNativeTarget "ToDewieTests" */;
			buildPhases = (
				A3F42815B816A08354326FC8 /* [CP] Check Pods Manifest.lock */,
				ACB460822009626E0095ED43 /* Sources */,
				ACB460832009626E0095ED43 /* Frameworks */,
				ACB460842009626E0095ED43 /* Resources */,
				7422FD5D33E23AF19E041E8E /* [CP] Embed Pods Frameworks */,
				4728CEEC69BD9F7FC81261E2 /* [CP] Copy Pods Resources */,
			);
			buildRules = (
			);
			dependencies = (
				ACB460882009626E0095ED43 /* PBXTargetDependency */,
			);
			name = ToDewieTests;
			productName = ToDewieTests;
			productReference = ACB460862009626E0095ED43 /* ToDewieTests.xctest */;
			productType = "com.apple.product-type.bundle.unit-test";
		};
		ACB460902009626E0095ED43 /* ToDewieUITests */ = {
			isa = PBXNativeTarget;
			buildConfigurationList = ACB460A02009626E0095ED43 /* Build configuration list for PBXNativeTarget "ToDewieUITests" */;
			buildPhases = (
				7107B5621EE0BF1344DFFD32 /* [CP] Check Pods Manifest.lock */,
				ACB4608D2009626E0095ED43 /* Sources */,
				ACB4608E2009626E0095ED43 /* Frameworks */,
				ACB4608F2009626E0095ED43 /* Resources */,
				8CA30AB472ADAEAA9969F88A /* [CP] Embed Pods Frameworks */,
				07A1D9DD83960B605FBED5ED /* [CP] Copy Pods Resources */,
			);
			buildRules = (
			);
			dependencies = (
				ACB460932009626E0095ED43 /* PBXTargetDependency */,
			);
			name = ToDewieUITests;
			productName = ToDewieUITests;
			productReference = ACB460912009626E0095ED43 /* ToDewieUITests.xctest */;
			productType = "com.apple.product-type.bundle.ui-testing";
		};
/* End PBXNativeTarget section */

/* Begin PBXProject section */
		ACB4606A2009626D0095ED43 /* Project object */ = {
			isa = PBXProject;
			attributes = {
				LastSwiftUpdateCheck = 0920;
				LastUpgradeCheck = 0920;
				ORGANIZATIONNAME = Josh;
				TargetAttributes = {
					ACB460712009626D0095ED43 = {
						CreatedOnToolsVersion = 9.2;
						ProvisioningStyle = Automatic;
					};
					ACB460852009626E0095ED43 = {
						CreatedOnToolsVersion = 9.2;
						ProvisioningStyle = Automatic;
						TestTargetID = ACB460712009626D0095ED43;
					};
					ACB460902009626E0095ED43 = {
						CreatedOnToolsVersion = 9.2;
						ProvisioningStyle = Automatic;
						TestTargetID = ACB460712009626D0095ED43;
					};
				};
			};
			buildConfigurationList = ACB4606D2009626D0095ED43 /* Build configuration list for PBXProject "ToDewie" */;
			compatibilityVersion = "Xcode 8.0";
			developmentRegion = en;
			hasScannedForEncodings = 0;
			knownRegions = (
				en,
				Base,
			);
			mainGroup = ACB460692009626D0095ED43;
			productRefGroup = ACB460732009626D0095ED43 /* Products */;
			projectDirPath = "";
			projectRoot = "";
			targets = (
				ACB460712009626D0095ED43 /* ToDewie */,
				ACB460852009626E0095ED43 /* ToDewieTests */,
				ACB460902009626E0095ED43 /* ToDewieUITests */,
			);
		};
/* End PBXProject section */

/* Begin PBXResourcesBuildPhase section */
		ACB460702009626D0095ED43 /* Resources */ = {
			isa = PBXResourcesBuildPhase;
			buildActionMask = 2147483647;
			files = (
				ACB460802009626E0095ED43 /* LaunchScreen.storyboard in Resources */,
				ACB4607D2009626E0095ED43 /* Assets.xcassets in Resources */,
				ACB4607B2009626E0095ED43 /* Main.storyboard in Resources */,
			);
			runOnlyForDeploymentPostprocessing = 0;
		};
		ACB460842009626E0095ED43 /* Resources */ = {
			isa = PBXResourcesBuildPhase;
			buildActionMask = 2147483647;
			files = (
			);
			runOnlyForDeploymentPostprocessing = 0;
		};
		ACB4608F2009626E0095ED43 /* Resources */ = {
			isa = PBXResourcesBuildPhase;
			buildActionMask = 2147483647;
			files = (
			);
			runOnlyForDeploymentPostprocessing = 0;
		};
/* End PBXResourcesBuildPhase section */

/* Begin PBXShellScriptBuildPhase section */
		07A1D9DD83960B605FBED5ED /* [CP] Copy Pods Resources */ = {
			isa = PBXShellScriptBuildPhase;
			buildActionMask = 2147483647;
			files = (
			);
			inputPaths = (
			);
			name = "[CP] Copy Pods Resources";
			outputPaths = (
			);
			runOnlyForDeploymentPostprocessing = 0;
			shellPath = /bin/sh;
			shellScript = "\"${SRCROOT}/Pods/Target Support Files/Pods-ToDewieUITests/Pods-ToDewieUITests-resources.sh\"\n";
			showEnvVarsInLog = 0;
		};
		4728CEEC69BD9F7FC81261E2 /* [CP] Copy Pods Resources */ = {
			isa = PBXShellScriptBuildPhase;
			buildActionMask = 2147483647;
			files = (
			);
			inputPaths = (
			);
			name = "[CP] Copy Pods Resources";
			outputPaths = (
			);
			runOnlyForDeploymentPostprocessing = 0;
			shellPath = /bin/sh;
			shellScript = "\"${SRCROOT}/Pods/Target Support Files/Pods-ToDewieTests/Pods-ToDewieTests-resources.sh\"\n";
			showEnvVarsInLog = 0;
		};
		7107B5621EE0BF1344DFFD32 /* [CP] Check Pods Manifest.lock */ = {
			isa = PBXShellScriptBuildPhase;
			buildActionMask = 2147483647;
			files = (
			);
			inputPaths = (
				"${PODS_PODFILE_DIR_PATH}/Podfile.lock",
				"${PODS_ROOT}/Manifest.lock",
			);
			name = "[CP] Check Pods Manifest.lock";
			outputPaths = (
				"$(DERIVED_FILE_DIR)/Pods-ToDewieUITests-checkManifestLockResult.txt",
			);
			runOnlyForDeploymentPostprocessing = 0;
			shellPath = /bin/sh;
			shellScript = "diff \"${PODS_PODFILE_DIR_PATH}/Podfile.lock\" \"${PODS_ROOT}/Manifest.lock\" > /dev/null\nif [ $? != 0 ] ; then\n    # print error to STDERR\n    echo \"error: The sandbox is not in sync with the Podfile.lock. Run 'pod install' or update your CocoaPods installation.\" >&2\n    exit 1\nfi\n# This output is used by Xcode 'outputs' to avoid re-running this script phase.\necho \"SUCCESS\" > \"${SCRIPT_OUTPUT_FILE_0}\"\n";
			showEnvVarsInLog = 0;
		};
		71A522919FA654DEB8D03AAB /* [CP] Check Pods Manifest.lock */ = {
			isa = PBXShellScriptBuildPhase;
			buildActionMask = 2147483647;
			files = (
			);
			inputPaths = (
				"${PODS_PODFILE_DIR_PATH}/Podfile.lock",
				"${PODS_ROOT}/Manifest.lock",
			);
			name = "[CP] Check Pods Manifest.lock";
			outputPaths = (
				"$(DERIVED_FILE_DIR)/Pods-ToDewie-checkManifestLockResult.txt",
			);
			runOnlyForDeploymentPostprocessing = 0;
			shellPath = /bin/sh;
			shellScript = "diff \"${PODS_PODFILE_DIR_PATH}/Podfile.lock\" \"${PODS_ROOT}/Manifest.lock\" > /dev/null\nif [ $? != 0 ] ; then\n    # print error to STDERR\n    echo \"error: The sandbox is not in sync with the Podfile.lock. Run 'pod install' or update your CocoaPods installation.\" >&2\n    exit 1\nfi\n# This output is used by Xcode 'outputs' to avoid re-running this script phase.\necho \"SUCCESS\" > \"${SCRIPT_OUTPUT_FILE_0}\"\n";
			showEnvVarsInLog = 0;
		};
		7422FD5D33E23AF19E041E8E /* [CP] Embed Pods Frameworks */ = {
			isa = PBXShellScriptBuildPhase;
			buildActionMask = 2147483647;
			files = (
			);
			inputPaths = (
			);
			name = "[CP] Embed Pods Frameworks";
			outputPaths = (
			);
			runOnlyForDeploymentPostprocessing = 0;
			shellPath = /bin/sh;
			shellScript = "\"${SRCROOT}/Pods/Target Support Files/Pods-ToDewieTests/Pods-ToDewieTests-frameworks.sh\"\n";
			showEnvVarsInLog = 0;
		};
		8CA30AB472ADAEAA9969F88A /* [CP] Embed Pods Frameworks */ = {
			isa = PBXShellScriptBuildPhase;
			buildActionMask = 2147483647;
			files = (
			);
			inputPaths = (
			);
			name = "[CP] Embed Pods Frameworks";
			outputPaths = (
			);
			runOnlyForDeploymentPostprocessing = 0;
			shellPath = /bin/sh;
			shellScript = "\"${SRCROOT}/Pods/Target Support Files/Pods-ToDewieUITests/Pods-ToDewieUITests-frameworks.sh\"\n";
			showEnvVarsInLog = 0;
		};
		A3F42815B816A08354326FC8 /* [CP] Check Pods Manifest.lock */ = {
			isa = PBXShellScriptBuildPhase;
			buildActionMask = 2147483647;
			files = (
			);
			inputPaths = (
				"${PODS_PODFILE_DIR_PATH}/Podfile.lock",
				"${PODS_ROOT}/Manifest.lock",
			);
			name = "[CP] Check Pods Manifest.lock";
			outputPaths = (
				"$(DERIVED_FILE_DIR)/Pods-ToDewieTests-checkManifestLockResult.txt",
			);
			runOnlyForDeploymentPostprocessing = 0;
			shellPath = /bin/sh;
			shellScript = "diff \"${PODS_PODFILE_DIR_PATH}/Podfile.lock\" \"${PODS_ROOT}/Manifest.lock\" > /dev/null\nif [ $? != 0 ] ; then\n    # print error to STDERR\n    echo \"error: The sandbox is not in sync with the Podfile.lock. Run 'pod install' or update your CocoaPods installation.\" >&2\n    exit 1\nfi\n# This output is used by Xcode 'outputs' to avoid re-running this script phase.\necho \"SUCCESS\" > \"${SCRIPT_OUTPUT_FILE_0}\"\n";
			showEnvVarsInLog = 0;
		};
		C6E025B9B9C500F283D0493C /* [CP] Embed Pods Frameworks */ = {
			isa = PBXShellScriptBuildPhase;
			buildActionMask = 2147483647;
			files = (
			);
			inputPaths = (
				"${SRCROOT}/Pods/Target Support Files/Pods-ToDewie/Pods-ToDewie-frameworks.sh",
				"${BUILT_PRODUCTS_DIR}/Realm/Realm.framework",
				"${BUILT_PRODUCTS_DIR}/RealmSwift/RealmSwift.framework",
			);
			name = "[CP] Embed Pods Frameworks";
			outputPaths = (
				"${TARGET_BUILD_DIR}/${FRAMEWORKS_FOLDER_PATH}/Realm.framework",
				"${TARGET_BUILD_DIR}/${FRAMEWORKS_FOLDER_PATH}/RealmSwift.framework",
			);
			runOnlyForDeploymentPostprocessing = 0;
			shellPath = /bin/sh;
			shellScript = "\"${SRCROOT}/Pods/Target Support Files/Pods-ToDewie/Pods-ToDewie-frameworks.sh\"\n";
			showEnvVarsInLog = 0;
		};
		D6BC9EF2C97B98CC364E39FA /* [CP] Copy Pods Resources */ = {
			isa = PBXShellScriptBuildPhase;
			buildActionMask = 2147483647;
			files = (
			);
			inputPaths = (
			);
			name = "[CP] Copy Pods Resources";
			outputPaths = (
			);
			runOnlyForDeploymentPostprocessing = 0;
			shellPath = /bin/sh;
			shellScript = "\"${SRCROOT}/Pods/Target Support Files/Pods-ToDewie/Pods-ToDewie-resources.sh\"\n";
			showEnvVarsInLog = 0;
		};
/* End PBXShellScriptBuildPhase section */

/* Begin PBXSourcesBuildPhase section */
		ACB4606E2009626D0095ED43 /* Sources */ = {
			isa = PBXSourcesBuildPhase;
			buildActionMask = 2147483647;
			files = (
				ACACEA10201FAAC000923BCA /* Item.swift in Sources */,
				AC018D592010191F0088D253 /* CategoryViewController.swift in Sources */,
				ACB460782009626E0095ED43 /* ToDoListViewController.swift in Sources */,
				ACB460762009626D0095ED43 /* AppDelegate.swift in Sources */,
				ACACEA12201FAACD00923BCA /* Category.swift in Sources */,
			);
			runOnlyForDeploymentPostprocessing = 0;
		};
		ACB460822009626E0095ED43 /* Sources */ = {
			isa = PBXSourcesBuildPhase;
			buildActionMask = 2147483647;
			files = (
				ACB4608B2009626E0095ED43 /* ToDewieTests.swift in Sources */,
			);
			runOnlyForDeploymentPostprocessing = 0;
		};
		ACB4608D2009626E0095ED43 /* Sources */ = {
			isa = PBXSourcesBuildPhase;
			buildActionMask = 2147483647;
			files = (
				ACB460962009626E0095ED43 /* ToDewieUITests.swift in Sources */,
			);
			runOnlyForDeploymentPostprocessing = 0;
		};
/* End PBXSourcesBuildPhase section */

/* Begin PBXTargetDependency section */
		ACB460882009626E0095ED43 /* PBXTargetDependency */ = {
			isa = PBXTargetDependency;
			target = ACB460712009626D0095ED43 /* ToDewie */;
			targetProxy = ACB460872009626E0095ED43 /* PBXContainerItemProxy */;
		};
		ACB460932009626E0095ED43 /* PBXTargetDependency */ = {
			isa = PBXTargetDependency;
			target = ACB460712009626D0095ED43 /* ToDewie */;
			targetProxy = ACB460922009626E0095ED43 /* PBXContainerItemProxy */;
		};
/* End PBXTargetDependency section */

/* Begin PBXVariantGroup section */
		ACB460792009626E0095ED43 /* Main.storyboard */ = {
			isa = PBXVariantGroup;
			children = (
				ACB4607A2009626E0095ED43 /* Base */,
			);
			name = Main.storyboard;
			sourceTree = "<group>";
		};
		ACB4607E2009626E0095ED43 /* LaunchScreen.storyboard */ = {
			isa = PBXVariantGroup;
			children = (
				ACB4607F2009626E0095ED43 /* Base */,
			);
			name = LaunchScreen.storyboard;
			sourceTree = "<group>";
		};
/* End PBXVariantGroup section */

/* Begin XCBuildConfiguration section */
		ACB460982009626E0095ED43 /* Debug */ = {
			isa = XCBuildConfiguration;
			buildSettings = {
				ALWAYS_SEARCH_USER_PATHS = NO;
				CLANG_ANALYZER_NONNULL = YES;
				CLANG_ANALYZER_NUMBER_OBJECT_CONVERSION = YES_AGGRESSIVE;
				CLANG_CXX_LANGUAGE_STANDARD = "gnu++14";
				CLANG_CXX_LIBRARY = "libc++";
				CLANG_ENABLE_MODULES = YES;
				CLANG_ENABLE_OBJC_ARC = YES;
				CLANG_WARN_BLOCK_CAPTURE_AUTORELEASING = YES;
				CLANG_WARN_BOOL_CONVERSION = YES;
				CLANG_WARN_COMMA = YES;
				CLANG_WARN_CONSTANT_CONVERSION = YES;
				CLANG_WARN_DIRECT_OBJC_ISA_USAGE = YES_ERROR;
				CLANG_WARN_DOCUMENTATION_COMMENTS = YES;
				CLANG_WARN_EMPTY_BODY = YES;
				CLANG_WARN_ENUM_CONVERSION = YES;
				CLANG_WARN_INFINITE_RECURSION = YES;
				CLANG_WARN_INT_CONVERSION = YES;
				CLANG_WARN_NON_LITERAL_NULL_CONVERSION = YES;
				CLANG_WARN_OBJC_LITERAL_CONVERSION = YES;
				CLANG_WARN_OBJC_ROOT_CLASS = YES_ERROR;
				CLANG_WARN_RANGE_LOOP_ANALYSIS = YES;
				CLANG_WARN_STRICT_PROTOTYPES = YES;
				CLANG_WARN_SUSPICIOUS_MOVE = YES;
				CLANG_WARN_UNGUARDED_AVAILABILITY = YES_AGGRESSIVE;
				CLANG_WARN_UNREACHABLE_CODE = YES;
				CLANG_WARN__DUPLICATE_METHOD_MATCH = YES;
				CODE_SIGN_IDENTITY = "iPhone Developer";
				COPY_PHASE_STRIP = NO;
				DEBUG_INFORMATION_FORMAT = dwarf;
				ENABLE_STRICT_OBJC_MSGSEND = YES;
				ENABLE_TESTABILITY = YES;
				GCC_C_LANGUAGE_STANDARD = gnu11;
				GCC_DYNAMIC_NO_PIC = NO;
				GCC_NO_COMMON_BLOCKS = YES;
				GCC_OPTIMIZATION_LEVEL = 0;
				GCC_PREPROCESSOR_DEFINITIONS = (
					"DEBUG=1",
					"$(inherited)",
				);
				GCC_WARN_64_TO_32_BIT_CONVERSION = YES;
				GCC_WARN_ABOUT_RETURN_TYPE = YES_ERROR;
				GCC_WARN_UNDECLARED_SELECTOR = YES;
				GCC_WARN_UNINITIALIZED_AUTOS = YES_AGGRESSIVE;
				GCC_WARN_UNUSED_FUNCTION = YES;
				GCC_WARN_UNUSED_VARIABLE = YES;
				IPHONEOS_DEPLOYMENT_TARGET = 11.2;
				MTL_ENABLE_DEBUG_INFO = YES;
				ONLY_ACTIVE_ARCH = YES;
				SDKROOT = iphoneos;
				SWIFT_ACTIVE_COMPILATION_CONDITIONS = DEBUG;
				SWIFT_OPTIMIZATION_LEVEL = "-Onone";
			};
			name = Debug;
		};
		ACB460992009626E0095ED43 /* Release */ = {
			isa = XCBuildConfiguration;
			buildSettings = {
				ALWAYS_SEARCH_USER_PATHS = NO;
				CLANG_ANALYZER_NONNULL = YES;
				CLANG_ANALYZER_NUMBER_OBJECT_CONVERSION = YES_AGGRESSIVE;
				CLANG_CXX_LANGUAGE_STANDARD = "gnu++14";
				CLANG_CXX_LIBRARY = "libc++";
				CLANG_ENABLE_MODULES = YES;
				CLANG_ENABLE_OBJC_ARC = YES;
				CLANG_WARN_BLOCK_CAPTURE_AUTORELEASING = YES;
				CLANG_WARN_BOOL_CONVERSION = YES;
				CLANG_WARN_COMMA = YES;
				CLANG_WARN_CONSTANT_CONVERSION = YES;
				CLANG_WARN_DIRECT_OBJC_ISA_USAGE = YES_ERROR;
				CLANG_WARN_DOCUMENTATION_COMMENTS = YES;
				CLANG_WARN_EMPTY_BODY = YES;
				CLANG_WARN_ENUM_CONVERSION = YES;
				CLANG_WARN_INFINITE_RECURSION = YES;
				CLANG_WARN_INT_CONVERSION = YES;
				CLANG_WARN_NON_LITERAL_NULL_CONVERSION = YES;
				CLANG_WARN_OBJC_LITERAL_CONVERSION = YES;
				CLANG_WARN_OBJC_ROOT_CLASS = YES_ERROR;
				CLANG_WARN_RANGE_LOOP_ANALYSIS = YES;
				CLANG_WARN_STRICT_PROTOTYPES = YES;
				CLANG_WARN_SUSPICIOUS_MOVE = YES;
				CLANG_WARN_UNGUARDED_AVAILABILITY = YES_AGGRESSIVE;
				CLANG_WARN_UNREACHABLE_CODE = YES;
				CLANG_WARN__DUPLICATE_METHOD_MATCH = YES;
				CODE_SIGN_IDENTITY = "iPhone Developer";
				COPY_PHASE_STRIP = NO;
				DEBUG_INFORMATION_FORMAT = "dwarf-with-dsym";
				ENABLE_NS_ASSERTIONS = NO;
				ENABLE_STRICT_OBJC_MSGSEND = YES;
				GCC_C_LANGUAGE_STANDARD = gnu11;
				GCC_NO_COMMON_BLOCKS = YES;
				GCC_WARN_64_TO_32_BIT_CONVERSION = YES;
				GCC_WARN_ABOUT_RETURN_TYPE = YES_ERROR;
				GCC_WARN_UNDECLARED_SELECTOR = YES;
				GCC_WARN_UNINITIALIZED_AUTOS = YES_AGGRESSIVE;
				GCC_WARN_UNUSED_FUNCTION = YES;
				GCC_WARN_UNUSED_VARIABLE = YES;
				IPHONEOS_DEPLOYMENT_TARGET = 11.2;
				MTL_ENABLE_DEBUG_INFO = NO;
				SDKROOT = iphoneos;
				SWIFT_OPTIMIZATION_LEVEL = "-Owholemodule";
				VALIDATE_PRODUCT = YES;
			};
			name = Release;
		};
		ACB4609B2009626E0095ED43 /* Debug */ = {
			isa = XCBuildConfiguration;
			baseConfigurationReference = 644DE7B00CF6DCCDF065B208 /* Pods-ToDewie.debug.xcconfig */;
			buildSettings = {
				ASSETCATALOG_COMPILER_APPICON_NAME = AppIcon;
				CODE_SIGN_STYLE = Automatic;
				DEVELOPMENT_TEAM = 47FR95ZKL2;
				INFOPLIST_FILE = ToDewie/Info.plist;
				LD_RUNPATH_SEARCH_PATHS = "$(inherited) @executable_path/Frameworks";
				PRODUCT_BUNDLE_IDENTIFIER = com.joshcisar.ToDewie;
				PRODUCT_NAME = "$(TARGET_NAME)";
				SWIFT_VERSION = 4.0;
				TARGETED_DEVICE_FAMILY = "1,2";
			};
			name = Debug;
		};
		ACB4609C2009626E0095ED43 /* Release */ = {
			isa = XCBuildConfiguration;
			baseConfigurationReference = 6E7BB01705B50535853886AE /* Pods-ToDewie.release.xcconfig */;
			buildSettings = {
				ASSETCATALOG_COMPILER_APPICON_NAME = AppIcon;
				CODE_SIGN_STYLE = Automatic;
				DEVELOPMENT_TEAM = 47FR95ZKL2;
				INFOPLIST_FILE = ToDewie/Info.plist;
				LD_RUNPATH_SEARCH_PATHS = "$(inherited) @executable_path/Frameworks";
				PRODUCT_BUNDLE_IDENTIFIER = com.joshcisar.ToDewie;
				PRODUCT_NAME = "$(TARGET_NAME)";
				SWIFT_VERSION = 4.0;
				TARGETED_DEVICE_FAMILY = "1,2";
			};
			name = Release;
		};
		ACB4609E2009626E0095ED43 /* Debug */ = {
			isa = XCBuildConfiguration;
			baseConfigurationReference = 1C716D2F862C8F5C8D45808F /* Pods-ToDewieTests.debug.xcconfig */;
			buildSettings = {
				ALWAYS_EMBED_SWIFT_STANDARD_LIBRARIES = YES;
				BUNDLE_LOADER = "$(TEST_HOST)";
				CODE_SIGN_STYLE = Automatic;
				DEVELOPMENT_TEAM = 47FR95ZKL2;
				INFOPLIST_FILE = ToDewieTests/Info.plist;
				LD_RUNPATH_SEARCH_PATHS = "$(inherited) @executable_path/Frameworks @loader_path/Frameworks";
				PRODUCT_BUNDLE_IDENTIFIER = com.joshcisar.ToDewieTests;
				PRODUCT_NAME = "$(TARGET_NAME)";
				SWIFT_VERSION = 4.0;
				TARGETED_DEVICE_FAMILY = "1,2";
				TEST_HOST = "$(BUILT_PRODUCTS_DIR)/ToDewie.app/ToDewie";
			};
			name = Debug;
		};
		ACB4609F2009626E0095ED43 /* Release */ = {
			isa = XCBuildConfiguration;
			baseConfigurationReference = 64E9FD69D4E56A9A40A16621 /* Pods-ToDewieTests.release.xcconfig */;
			buildSettings = {
				ALWAYS_EMBED_SWIFT_STANDARD_LIBRARIES = YES;
				BUNDLE_LOADER = "$(TEST_HOST)";
				CODE_SIGN_STYLE = Automatic;
				DEVELOPMENT_TEAM = 47FR95ZKL2;
				INFOPLIST_FILE = ToDewieTests/Info.plist;
				LD_RUNPATH_SEARCH_PATHS = "$(inherited) @executable_path/Frameworks @loader_path/Frameworks";
				PRODUCT_BUNDLE_IDENTIFIER = com.joshcisar.ToDewieTests;
				PRODUCT_NAME = "$(TARGET_NAME)";
				SWIFT_VERSION = 4.0;
				TARGETED_DEVICE_FAMILY = "1,2";
				TEST_HOST = "$(BUILT_PRODUCTS_DIR)/ToDewie.app/ToDewie";
			};
			name = Release;
		};
		ACB460A12009626E0095ED43 /* Debug */ = {
			isa = XCBuildConfiguration;
			baseConfigurationReference = 9A769AAD6AF5546FC2052567 /* Pods-ToDewieUITests.debug.xcconfig */;
			buildSettings = {
				ALWAYS_EMBED_SWIFT_STANDARD_LIBRARIES = YES;
				CODE_SIGN_STYLE = Automatic;
				DEVELOPMENT_TEAM = 47FR95ZKL2;
				INFOPLIST_FILE = ToDewieUITests/Info.plist;
				LD_RUNPATH_SEARCH_PATHS = "$(inherited) @executable_path/Frameworks @loader_path/Frameworks";
				PRODUCT_BUNDLE_IDENTIFIER = com.joshcisar.ToDewieUITests;
				PRODUCT_NAME = "$(TARGET_NAME)";
				SWIFT_VERSION = 4.0;
				TARGETED_DEVICE_FAMILY = "1,2";
				TEST_TARGET_NAME = ToDewie;
			};
			name = Debug;
		};
		ACB460A22009626E0095ED43 /* Release */ = {
			isa = XCBuildConfiguration;
			baseConfigurationReference = 93E7260B455E80127DAF1BC1 /* Pods-ToDewieUITests.release.xcconfig */;
			buildSettings = {
				ALWAYS_EMBED_SWIFT_STANDARD_LIBRARIES = YES;
				CODE_SIGN_STYLE = Automatic;
				DEVELOPMENT_TEAM = 47FR95ZKL2;
				INFOPLIST_FILE = ToDewieUITests/Info.plist;
				LD_RUNPATH_SEARCH_PATHS = "$(inherited) @executable_path/Frameworks @loader_path/Frameworks";
				PRODUCT_BUNDLE_IDENTIFIER = com.joshcisar.ToDewieUITests;
				PRODUCT_NAME = "$(TARGET_NAME)";
				SWIFT_VERSION = 4.0;
				TARGETED_DEVICE_FAMILY = "1,2";
				TEST_TARGET_NAME = ToDewie;
			};
			name = Release;
		};
/* End XCBuildConfiguration section */

/* Begin XCConfigurationList section */
		ACB4606D2009626D0095ED43 /* Build configuration list for PBXProject "ToDewie" */ = {
			isa = XCConfigurationList;
			buildConfigurations = (
				ACB460982009626E0095ED43 /* Debug */,
				ACB460992009626E0095ED43 /* Release */,
			);
			defaultConfigurationIsVisible = 0;
			defaultConfigurationName = Release;
		};
		ACB4609A2009626E0095ED43 /* Build configuration list for PBXNativeTarget "ToDewie" */ = {
			isa = XCConfigurationList;
			buildConfigurations = (
				ACB4609B2009626E0095ED43 /* Debug */,
				ACB4609C2009626E0095ED43 /* Release */,
			);
			defaultConfigurationIsVisible = 0;
			defaultConfigurationName = Release;
		};
		ACB4609D2009626E0095ED43 /* Build configuration list for PBXNativeTarget "ToDewieTests" */ = {
			isa = XCConfigurationList;
			buildConfigurations = (
				ACB4609E2009626E0095ED43 /* Debug */,
				ACB4609F2009626E0095ED43 /* Release */,
			);
			defaultConfigurationIsVisible = 0;
			defaultConfigurationName = Release;
		};
		ACB460A02009626E0095ED43 /* Build configuration list for PBXNativeTarget "ToDewieUITests" */ = {
			isa = XCConfigurationList;
			buildConfigurations = (
				ACB460A12009626E0095ED43 /* Debug */,
				ACB460A22009626E0095ED43 /* Release */,
			);
			defaultConfigurationIsVisible = 0;
			defaultConfigurationName = Release;
		};
/* End XCConfigurationList section */
	};
	rootObject = ACB4606A2009626D0095ED43 /* Project object */;
}
